{
  "name": "saju-natal",
  "lockfileVersion": 3,
  "requires": true,
  "packages": {
    "": {
      "name": "saju-natal",
      "dependencies": {
        "astronomy-engine": "2.1.19",
        "korean-lunar-calendar": "0.4.0"
      }
    },
    "node_modules/astronomy-engine": {
      "version": "2.1.19",
      "resolved": "https://registry.npmjs.org/astronomy-engine/-/astronomy-engine-2.1.19.tgz",
      "integrity": "sha512-8yWKNf7UeNbH458h3sAJ6ZgAjE5jTXp/mNNRFoC20j2SHwZIjAQeEsBB2Q3uCFRaTCCJRv33K2XhkhZQMXoX6w==",
      "license": "MIT"
    },
    "node_modules/korean-lunar-calendar": {
      "version": "0.4.0",
      "resolved": "https://registry.npmjs.org/korean-lunar-calendar/-/korean-lunar-calendar-0.4.0.tgz",
      "integrity": "sha512-kJXyH3sI/butJxCBtsLXlMJsl5qqNKNjduf1Na0s7XXwP+D/Wdlx0R0/S5ygxPVFSXf/JZ3bBKaCP6bGWhgZ0w==",
      "license": "MIT",
      "engines": {
        "node": ">= 16.14.0"
      }
    }
  }
}
